
Microsoft Visual Studio Solution File, Format Version 12.00
# Visual Studio Version 17
VisualStudioVersion = 17.0.31903.59
MinimumVisualStudioVersion = 10.0.40219.1
Project("{FAE04EC0-301F-11D3-BF4B-00C04F79EFBC}") = "SmoothOperator", "SmoothOperator\SmoothOperator.csproj", "{C0867250-2B92-4ECF-B5C7-D729650CADAF}"
EndProject
Project("{FAE04EC0-301F-11D3-BF4B-00C04F79EFBC}") = "VariousOperators", "VariousOperators\VariousOperators.csproj", "{C10EC1F7-6ADC-4832-97CA-D9D0C8B76D82}"
EndProject
Project("{FAE04EC0-301F-11D3-BF4B-00C04F79EFBC}") = "Cilindro", "Cilindro\Cilindro.csproj", "{1ABACC9D-42E6-498B-911C-2E25E422AE77}"
EndProject
Global
	GlobalSection(SolutionConfigurationPlatforms) = preSolution
		Debug|Any CPU = Debug|Any CPU
		Release|Any CPU = Release|Any CPU
	EndGlobalSection
	GlobalSection(SolutionProperties) = preSolution
		HideSolutionNode = FALSE
	EndGlobalSection
	GlobalSection(ProjectConfigurationPlatforms) = postSolution
		{C0867250-2B92-4ECF-B5C7-D729650CADAF}.Debug|Any CPU.ActiveCfg = Debug|Any CPU
		{C0867250-2B92-4ECF-B5C7-D729650CADAF}.Debug|Any CPU.Build.0 = Debug|Any CPU
		{C0867250-2B92-4ECF-B5C7-D729650CADAF}.Release|Any CPU.ActiveCfg = Release|Any CPU
		{C0867250-2B92-4ECF-B5C7-D729650CADAF}.Release|Any CPU.Build.0 = Release|Any CPU
		{C10EC1F7-6ADC-4832-97CA-D9D0C8B76D82}.Debug|Any CPU.ActiveCfg = Debug|Any CPU
		{C10EC1F7-6ADC-4832-97CA-D9D0C8B76D82}.Debug|Any CPU.Build.0 = Debug|Any CPU
		{C10EC1F7-6ADC-4832-97CA-D9D0C8B76D82}.Release|Any CPU.ActiveCfg = Release|Any CPU
		{C10EC1F7-6ADC-4832-97CA-D9D0C8B76D82}.Release|Any CPU.Build.0 = Release|Any CPU
		{1ABACC9D-42E6-498B-911C-2E25E422AE77}.Debug|Any CPU.ActiveCfg = Debug|Any CPU
		{1ABACC9D-42E6-498B-911C-2E25E422AE77}.Debug|Any CPU.Build.0 = Debug|Any CPU
		{1ABACC9D-42E6-498B-911C-2E25E422AE77}.Release|Any CPU.ActiveCfg = Release|Any CPU
		{1ABACC9D-42E6-498B-911C-2E25E422AE77}.Release|Any CPU.Build.0 = Release|Any CPU
	EndGlobalSection
EndGlobal
